
Microsoft Visual Studio Solution File, Format Version 12.00
# Visual Studio Version 17
VisualStudioVersion = 17.6.33723.286
MinimumVisualStudioVersion = 10.0.40219.1
Project("{FAE04EC0-301F-11D3-BF4B-00C04F79EFBC}") = "VTMUNC", "VTMUNC.csproj", "{78BCC47A-A64A-4F54-BFB1-0F3DAB5B9C13}"
EndProject
Global
	GlobalSection(SolutionConfigurationPlatforms) = preSolution
		Debug|Any CPU = Debug|Any CPU
		Release|Any CPU = Release|Any CPU
	EndGlobalSection
	GlobalSection(ProjectConfigurationPlatforms) = postSolution
		{78BCC47A-A64A-4F54-BFB1-0F3DAB5B9C13}.Debug|Any CPU.ActiveCfg = Debug|Any CPU
		{78BCC47A-A64A-4F54-BFB1-0F3DAB5B9C13}.Debug|Any CPU.Build.0 = Debug|Any CPU
		{78BCC47A-A64A-4F54-BFB1-0F3DAB5B9C13}.Release|Any CPU.ActiveCfg = Release|Any CPU
		{78BCC47A-A64A-4F54-BFB1-0F3DAB5B9C13}.Release|Any CPU.Build.0 = Release|Any CPU
	EndGlobalSection
	GlobalSection(SolutionProperties) = preSolution
		HideSolutionNode = FALSE
	EndGlobalSection
	GlobalSection(ExtensibilityGlobals) = postSolution
		SolutionGuid = {C92D5829-C04F-4CAF-B102-1A9A709D2803}
	EndGlobalSection
EndGlobal
